
Microsoft Visual Studio Solution File, Format Version 12.00
# Visual Studio Version 16
VisualStudioVersion = 16.0.30611.23
MinimumVisualStudioVersion = 10.0.40219.1
Project("{9A19103F-16F7-4668-BE54-9A1E7A4F7556}") = "Client", "Client\Client.csproj", "{046D9591-D05F-414A-A9EA-BE79EA9B16E9}"
EndProject
Project("{9A19103F-16F7-4668-BE54-9A1E7A4F7556}") = "Server", "Server\Server.csproj", "{4AEF6658-AA9C-4FDF-9CCA-CDF2C1DFDC4C}"
EndProject
Project("{9A19103F-16F7-4668-BE54-9A1E7A4F7556}") = "Common", "Common\Common.csproj", "{8454DDBF-CD95-432B-BF75-E2CFE2036E9F}"
EndProject
Project("{FAE04EC0-301F-11D3-BF4B-00C04F79EFBC}") = "SimpleServer", "SimpleServer\SimpleServer.csproj", "{63412259-6A5B-4B8C-A6DD-0027BCCB2F42}"
EndProject
Project("{FAE04EC0-301F-11D3-BF4B-00C04F79EFBC}") = "SimpleClient", "SimpleClient\SimpleClient.csproj", "{B7F4DC48-1AEB-44FF-A89C-C64B76E1B041}"
EndProject
Global
	GlobalSection(SolutionConfigurationPlatforms) = preSolution
		Debug|Any CPU = Debug|Any CPU
		Release|Any CPU = Release|Any CPU
	EndGlobalSection
	GlobalSection(ProjectConfigurationPlatforms) = postSolution
		{046D9591-D05F-414A-A9EA-BE79EA9B16E9}.Debug|Any CPU.ActiveCfg = Debug|Any CPU
		{046D9591-D05F-414A-A9EA-BE79EA9B16E9}.Debug|Any CPU.Build.0 = Debug|Any CPU
		{046D9591-D05F-414A-A9EA-BE79EA9B16E9}.Release|Any CPU.ActiveCfg = Release|Any CPU
		{046D9591-D05F-414A-A9EA-BE79EA9B16E9}.Release|Any CPU.Build.0 = Release|Any CPU
		{4AEF6658-AA9C-4FDF-9CCA-CDF2C1DFDC4C}.Debug|Any CPU.ActiveCfg = Debug|Any CPU
		{4AEF6658-AA9C-4FDF-9CCA-CDF2C1DFDC4C}.Debug|Any CPU.Build.0 = Debug|Any CPU
		{4AEF6658-AA9C-4FDF-9CCA-CDF2C1DFDC4C}.Release|Any CPU.ActiveCfg = Release|Any CPU
		{4AEF6658-AA9C-4FDF-9CCA-CDF2C1DFDC4C}.Release|Any CPU.Build.0 = Release|Any CPU
		{8454DDBF-CD95-432B-BF75-E2CFE2036E9F}.Debug|Any CPU.ActiveCfg = Debug|Any CPU
		{8454DDBF-CD95-432B-BF75-E2CFE2036E9F}.Debug|Any CPU.Build.0 = Debug|Any CPU
		{8454DDBF-CD95-432B-BF75-E2CFE2036E9F}.Release|Any CPU.ActiveCfg = Release|Any CPU
		{8454DDBF-CD95-432B-BF75-E2CFE2036E9F}.Release|Any CPU.Build.0 = Release|Any CPU
		{63412259-6A5B-4B8C-A6DD-0027BCCB2F42}.Debug|Any CPU.ActiveCfg = Debug|Any CPU
		{63412259-6A5B-4B8C-A6DD-0027BCCB2F42}.Debug|Any CPU.Build.0 = Debug|Any CPU
		{63412259-6A5B-4B8C-A6DD-0027BCCB2F42}.Release|Any CPU.ActiveCfg = Release|Any CPU
		{63412259-6A5B-4B8C-A6DD-0027BCCB2F42}.Release|Any CPU.Build.0 = Release|Any CPU
		{B7F4DC48-1AEB-44FF-A89C-C64B76E1B041}.Debug|Any CPU.ActiveCfg = Debug|Any CPU
		{B7F4DC48-1AEB-44FF-A89C-C64B76E1B041}.Debug|Any CPU.Build.0 = Debug|Any CPU
		{B7F4DC48-1AEB-44FF-A89C-C64B76E1B041}.Release|Any CPU.ActiveCfg = Release|Any CPU
		{B7F4DC48-1AEB-44FF-A89C-C64B76E1B041}.Release|Any CPU.Build.0 = Release|Any CPU
	EndGlobalSection
	GlobalSection(SolutionProperties) = preSolution
		HideSolutionNode = FALSE
	EndGlobalSection
	GlobalSection(ExtensibilityGlobals) = postSolution
		SolutionGuid = {50B7D8EF-EB5F-4C2A-BBDC-F258D18337A1}
	EndGlobalSection
EndGlobal
